
Microsoft Visual Studio Solution File, Format Version 12.00
# Visual Studio 2013
VisualStudioVersion = 12.0.21005.1
MinimumVisualStudioVersion = 10.0.40219.1
Project("{8BC9CEB8-8B4A-11D0-8D11-00A0C91BC942}") = "hwp05", "hwp05\hwp05.vcxproj", "{EC3B54EA-6BD0-4B8A-855F-5CDDBF8C782A}"
EndProject
Global
	GlobalSection(SolutionConfigurationPlatforms) = preSolution
		Debug|Win32 = Debug|Win32
		Release|Win32 = Release|Win32
	EndGlobalSection
	GlobalSection(ProjectConfigurationPlatforms) = postSolution
		{EC3B54EA-6BD0-4B8A-855F-5CDDBF8C782A}.Debug|Win32.ActiveCfg = Debug|Win32
		{EC3B54EA-6BD0-4B8A-855F-5CDDBF8C782A}.Debug|Win32.Build.0 = Debug|Win32
		{EC3B54EA-6BD0-4B8A-855F-5CDDBF8C782A}.Release|Win32.ActiveCfg = Release|Win32
		{EC3B54EA-6BD0-4B8A-855F-5CDDBF8C782A}.Release|Win32.Build.0 = Release|Win32
	EndGlobalSection
	GlobalSection(SolutionProperties) = preSolution
		HideSolutionNode = FALSE
	EndGlobalSection
EndGlobal
